PODS:
  - Alamofire (4.7.3)
  - ReSwift (4.0.1)

DEPENDENCIES:
  - Alamofire
  - ReSwift

SPEC REPOS:
  https://github.com/cocoapods/specs.git:
    - Alamofire
    - ReSwift

SPEC CHECKSUMS:
  Alamofire: c7287b6e5d7da964a70935e5db17046b7fde6568
  ReSwift: f4012c613e13da7398827fe5aebdb938eaed40a3

PODFILE CHECKSUM: 73101da8732c3c8e15372cd8d2ac8c48943a1b65

COCOAPODS: 1.5.3
