PODS:
  - Alamofire (4.7.3)
  - AlamofireImage (3.3.1):
    - Alamofire (~> 4.5)
  - Cosmos (16.0.0)
  - ReSwift (4.0.1)

DEPENDENCIES:
  - Alamofire
  - AlamofireImage
  - Cosmos
  - ReSwift

SPEC REPOS:
  https://github.com/cocoapods/specs.git:
    - Alamofire
    - AlamofireImage
    - Cosmos
    - ReSwift

SPEC CHECKSUMS:
  Alamofire: c7287b6e5d7da964a70935e5db17046b7fde6568
  AlamofireImage: 3b35b586853abaf94ca1250f4e94cff3c21a4c0d
  Cosmos: 7bcee0fa858a9355a214f2a181be5dffcee42c81
  ReSwift: f4012c613e13da7398827fe5aebdb938eaed40a3

PODFILE CHECKSUM: 05fb6eaf14289ba69c2cdb677699abb1807436a0

COCOAPODS: 1.5.3
